
Microsoft Visual Studio Solution File, Format Version 12.00
# Visual Studio Version 17
VisualStudioVersion = 17.9.34714.143
MinimumVisualStudioVersion = 10.0.40219.1
Project("{9A19103F-16F7-4668-BE54-9A1E7A4F7556}") = "BookService", "BookService.csproj", "{5FBCCD38-8A79-4E13-A34B-39E5D1F8CC75}"
EndProject
Global
	GlobalSection(SolutionConfigurationPlatforms) = preSolution
		Debug|Any CPU = Debug|Any CPU
		Release|Any CPU = Release|Any CPU
	EndGlobalSection
	GlobalSection(ProjectConfigurationPlatforms) = postSolution
		{5FBCCD38-8A79-4E13-A34B-39E5D1F8CC75}.Debug|Any CPU.ActiveCfg = Debug|Any CPU
		{5FBCCD38-8A79-4E13-A34B-39E5D1F8CC75}.Debug|Any CPU.Build.0 = Debug|Any CPU
		{5FBCCD38-8A79-4E13-A34B-39E5D1F8CC75}.Release|Any CPU.ActiveCfg = Release|Any CPU
		{5FBCCD38-8A79-4E13-A34B-39E5D1F8CC75}.Release|Any CPU.Build.0 = Release|Any CPU
	EndGlobalSection
	GlobalSection(SolutionProperties) = preSolution
		HideSolutionNode = FALSE
	EndGlobalSection
	GlobalSection(ExtensibilityGlobals) = postSolution
		SolutionGuid = {B55FE31F-9789-463F-B64F-45CE4B60F184}
	EndGlobalSection
EndGlobal
